// !$*UTF8*$!
{
	archiveVersion = 1;
	classes = {
	};
	objectVersion = 56;
	objects = {

/* Begin PBXBuildFile section */
		BE23D4CF2BEBDC2000830F8C /* AppDelegate.swift in Sources */ = {isa = PBXBuildFile; fileRef = BE23D4CE2BEBDC2000830F8C /* AppDelegate.swift */; };
		BE23D4D12BEBDC2000830F8C /* ViewController.swift in Sources */ = {isa = PBXBuildFile; fileRef = BE23D4D02BEBDC2000830F8C /* ViewController.swift */; };
		BE23D4D42BEBDC2000830F8C /* CircleSlider.xcdatamodeld in Sources */ = {isa = PBXBuildFile; fileRef = BE23D4D22BEBDC2000830F8C /* CircleSlider.xcdatamodeld */; };
		BE23D4D62BEBDC2500830F8C /* Assets.xcassets in Resources */ = {isa = PBXBuildFile; fileRef = BE23D4D52BEBDC2500830F8C /* Assets.xcassets */; };
		BE23D4D92BEBDC2500830F8C /* Main.storyboard in Resources */ = {isa = PBXBuildFile; fileRef = BE23D4D72BEBDC2500830F8C /* Main.storyboard */; };
		BE23D4E12BEBDC6700830F8C /* Slider.swift in Sources */ = {isa = PBXBuildFile; fileRef = BE23D4E02BEBDC6700830F8C /* Slider.swift */; };
/* End PBXBuildFile section */

/* Begin PBXFileReference section */
		BE23D4CB2BEBDC2000830F8C /* CircleSlider.app */ = {isa = PBXFileReference; explicitFileType = wrapper.application; includeInIndex = 0; path = CircleSlider.app; sourceTree = BUILT_PRODUCTS_DIR; };
		BE23D4CE2BEBDC2000830F8C /* AppDelegate.swift */ = {isa = PBXFileReference; lastKnownFileType = sourcecode.swift; path = AppDelegate.swift; sourceTree = "<group>"; };
		BE23D4D02BEBDC2000830F8C /* ViewController.swift */ = {isa = PBXFileReference; lastKnownFileType = sourcecode.swift; path = ViewController.swift; sourceTree = "<group>"; };
		BE23D4D32BEBDC2000830F8C /* CircleSlider.xcdatamodel */ = {isa = PBXFileReference; lastKnownFileType = wrapper.xcdatamodel; path = CircleSlider.xcdatamodel; sourceTree = "<group>"; };
		BE23D4D52BEBDC2500830F8C /* Assets.xcassets */ = {isa = PBXFileReference; lastKnownFileType = folder.assetcatalog; path = Assets.xcassets; sourceTree = "<group>"; };
		BE23D4D82BEBDC2500830F8C /* Base */ = {isa = PBXFileReference; lastKnownFileType = file.storyboard; name = Base; path = Base.lproj/Main.storyboard; sourceTree = "<group>"; };
		BE23D4DA2BEBDC2500830F8C /* CircleSlider.entitlements */ = {isa = PBXFileReference; lastKnownFileType = text.plist.entitlements; path = CircleSlider.entitlements; sourceTree = "<group>"; };
		BE23D4E02BEBDC6700830F8C /* Slider.swift */ = {isa = PBXFileReference; lastKnownFileType = sourcecode.swift; path = Slider.swift; sourceTree = "<group>"; };
/* End PBXFileReference section */

/* Begin PBXFrameworksBuildPhase section */
		BE23D4C82BEBDC2000830F8C /* Frameworks */ = {
			isa = PBXFrameworksBuildPhase;
			buildActionMask = 2147483647;
			files = (
			);
			runOnlyForDeploymentPostprocessing = 0;
		};
/* End PBXFrameworksBuildPhase section */

/* Begin PBXGroup section */
		BE23D4C22BEBDC1F00830F8C = {
			isa = PBXGroup;
			children = (
				BE23D4CD2BEBDC2000830F8C /* CircleSlider */,
				BE23D4CC2BEBDC2000830F8C /* Products */,
			);
			sourceTree = "<group>";
		};
		BE23D4CC2BEBDC2000830F8C /* Products */ = {
			isa = PBXGroup;
			children = (
				BE23D4CB2BEBDC2000830F8C /* CircleSlider.app */,
			);
			name = Products;
			sourceTree = "<group>";
		};
		BE23D4CD2BEBDC2000830F8C /* CircleSlider */ = {
			isa = PBXGroup;
			children = (
				BE23D4CE2BEBDC2000830F8C /* AppDelegate.swift */,
				BE23D4D02BEBDC2000830F8C /* ViewController.swift */,
				BE23D4D52BEBDC2500830F8C /* Assets.xcassets */,
				BE23D4D72BEBDC2500830F8C /* Main.storyboard */,
				BE23D4DA2BEBDC2500830F8C /* CircleSlider.entitlements */,
				BE23D4D22BEBDC2000830F8C /* CircleSlider.xcdatamodeld */,
				BE23D4E02BEBDC6700830F8C /* Slider.swift */,
			);
			path = CircleSlider;
			sourceTree = "<group>";
		};
/* End PBXGroup section */

/* Begin PBXNativeTarget section */
		BE23D4CA2BEBDC2000830F8C /* CircleSlider */ = {
			isa = PBXNativeTarget;
			buildConfigurationList = BE23D4DD2BEBDC2500830F8C /* Build configuration list for PBXNativeTarget "CircleSlider" */;
			buildPhases = (
				BE23D4C72BEBDC2000830F8C /* Sources */,
				BE23D4C82BEBDC2000830F8C /* Frameworks */,
				BE23D4C92BEBDC2000830F8C /* Resources */,
			);
			buildRules = (
			);
			dependencies = (
			);
			name = CircleSlider;
			productName = CircleSlider;
			productReference = BE23D4CB2BEBDC2000830F8C /* CircleSlider.app */;
			productType = "com.apple.product-type.application";
		};
/* End PBXNativeTarget section */

/* Begin PBXProject section */
		BE23D4C32BEBDC2000830F8C /* Project object */ = {
			isa = PBXProject;
			attributes = {
				BuildIndependentTargetsInParallel = 1;
				LastSwiftUpdateCheck = 1420;
				LastUpgradeCheck = 1420;
				TargetAttributes = {
					BE23D4CA2BEBDC2000830F8C = {
						CreatedOnToolsVersion = 14.2;
					};
				};
			};
			buildConfigurationList = BE23D4C62BEBDC2000830F8C /* Build configuration list for PBXProject "CircleSlider" */;
			compatibilityVersion = "Xcode 14.0";
			developmentRegion = en;
			hasScannedForEncodings = 0;
			knownRegions = (
				en,
				Base,
			);
			mainGroup = BE23D4C22BEBDC1F00830F8C;
			productRefGroup = BE23D4CC2BEBDC2000830F8C /* Products */;
			projectDirPath = "";
			projectRoot = "";
			targets = (
				BE23D4CA2BEBDC2000830F8C /* CircleSlider */,
			);
		};
/* End PBXProject section */

/* Begin PBXResourcesBuildPhase section */
		BE23D4C92BEBDC2000830F8C /* Resources */ = {
			isa = PBXResourcesBuildPhase;
			buildActionMask = 2147483647;
			files = (
				BE23D4D62BEBDC2500830F8C /* Assets.xcassets in Resources */,
				BE23D4D92BEBDC2500830F8C /* Main.storyboard in Resources */,
			);
			runOnlyForDeploymentPostprocessing = 0;
		};
/* End PBXResourcesBuildPhase section */

/* Begin PBXSourcesBuildPhase section */
		BE23D4C72BEBDC2000830F8C /* Sources */ = {
			isa = PBXSourcesBuildPhase;
			buildActionMask = 2147483647;
			files = (
				BE23D4D42BEBDC2000830F8C /* CircleSlider.xcdatamodeld in Sources */,
				BE23D4D12BEBDC2000830F8C /* ViewController.swift in Sources */,
				BE23D4E12BEBDC6700830F8C /* Slider.swift in Sources */,
				BE23D4CF2BEBDC2000830F8C /* AppDelegate.swift in Sources */,
			);
			runOnlyForDeploymentPostprocessing = 0;
		};
/* End PBXSourcesBuildPhase section */

/* Begin PBXVariantGroup section */
		BE23D4D72BEBDC2500830F8C /* Main.storyboard */ = {
			isa = PBXVariantGroup;
			children = (
				BE23D4D82BEBDC2500830F8C /* Base */,
			);
			name = Main.storyboard;
			sourceTree = "<group>";
		};
/* End PBXVariantGroup section */

/* Begin XCBuildConfiguration section */
		BE23D4DB2BEBDC2500830F8C /* Debug */ = {
			isa = XCBuildConfiguration;
			buildSettings = {
				ALWAYS_SEARCH_USER_PATHS = NO;
				CLANG_ANALYZER_NONNULL = YES;
				CLANG_ANALYZER_NUMBER_OBJECT_CONVERSION = YES_AGGRESSIVE;
				CLANG_CXX_LANGUAGE_STANDARD = "gnu++20";
				CLANG_ENABLE_MODULES = YES;
				CLANG_ENABLE_OBJC_ARC = YES;
				CLANG_ENABLE_OBJC_WEAK = YES;
				CLANG_WARN_BLOCK_CAPTURE_AUTORELEASING = YES;
				CLANG_WARN_BOOL_CONVERSION = YES;
				CLANG_WARN_COMMA = YES;
				CLANG_WARN_CONSTANT_CONVERSION = YES;
				CLANG_WARN_DEPRECATED_OBJC_IMPLEMENTATIONS = YES;
				CLANG_WARN_DIRECT_OBJC_ISA_USAGE = YES_ERROR;
				CLANG_WARN_DOCUMENTATION_COMMENTS = YES;
				CLANG_WARN_EMPTY_BODY = YES;
				CLANG_WARN_ENUM_CONVERSION = YES;
				CLANG_WARN_INFINITE_RECURSION = YES;
				CLANG_WARN_INT_CONVERSION = YES;
				CLANG_WARN_NON_LITERAL_NULL_CONVERSION = YES;
				CLANG_WARN_OBJC_IMPLICIT_RETAIN_SELF = YES;
				CLANG_WARN_OBJC_LITERAL_CONVERSION = YES;
				CLANG_WARN_OBJC_ROOT_CLASS = YES_ERROR;
				CLANG_WARN_QUOTED_INCLUDE_IN_FRAMEWORK_HEADER = YES;
				CLANG_WARN_RANGE_LOOP_ANALYSIS = YES;
				CLANG_WARN_STRICT_PROTOTYPES = YES;
				CLANG_WARN_SUSPICIOUS_MOVE = YES;
				CLANG_WARN_UNGUARDED_AVAILABILITY = YES_AGGRESSIVE;
				CLANG_WARN_UNREACHABLE_CODE = YES;
				CLANG_WARN__DUPLICATE_METHOD_MATCH = YES;
				COPY_PHASE_STRIP = NO;
				DEBUG_INFORMATION_FORMAT = dwarf;
				ENABLE_STRICT_OBJC_MSGSEND = YES;
				ENABLE_TESTABILITY = YES;
				GCC_C_LANGUAGE_STANDARD = gnu11;
				GCC_DYNAMIC_NO_PIC = NO;
				GCC_NO_COMMON_BLOCKS = YES;
				GCC_OPTIMIZATION_LEVEL = 0;
				GCC_PREPROCESSOR_DEFINITIONS = (
					"DEBUG=1",
					"$(inherited)",
				);
				GCC_WARN_64_TO_32_BIT_CONVERSION = YES;
				GCC_WARN_ABOUT_RETURN_TYPE = YES_ERROR;
				GCC_WARN_UNDECLARED_SELECTOR = YES;
				GCC_WARN_UNINITIALIZED_AUTOS = YES_AGGRESSIVE;
				GCC_WARN_UNUSED_FUNCTION = YES;
				GCC_WARN_UNUSED_VARIABLE = YES;
				MACOSX_DEPLOYMENT_TARGET = 12.7;
				MTL_ENABLE_DEBUG_INFO = INCLUDE_SOURCE;
				MTL_FAST_MATH = YES;
				ONLY_ACTIVE_ARCH = YES;
				SDKROOT = macosx;
				SWIFT_ACTIVE_COMPILATION_CONDITIONS = DEBUG;
				SWIFT_OPTIMIZATION_LEVEL = "-Onone";
			};
			name = Debug;
		};
		BE23D4DC2BEBDC2500830F8C /* Release */ = {
			isa = XCBuildConfiguration;
			buildSettings = {
				ALWAYS_SEARCH_USER_PATHS = NO;
				CLANG_ANALYZER_NONNULL = YES;
				CLANG_ANALYZER_NUMBER_OBJECT_CONVERSION = YES_AGGRESSIVE;
				CLANG_CXX_LANGUAGE_STANDARD = "gnu++20";
				CLANG_ENABLE_MODULES = YES;
				CLANG_ENABLE_OBJC_ARC = YES;
				CLANG_ENABLE_OBJC_WEAK = YES;
				CLANG_WARN_BLOCK_CAPTURE_AUTORELEASING = YES;
				CLANG_WARN_BOOL_CONVERSION = YES;
				CLANG_WARN_COMMA = YES;
				CLANG_WARN_CONSTANT_CONVERSION = YES;
				CLANG_WARN_DEPRECATED_OBJC_IMPLEMENTATIONS = YES;
				CLANG_WARN_DIRECT_OBJC_ISA_USAGE = YES_ERROR;
				CLANG_WARN_DOCUMENTATION_COMMENTS = YES;
				CLANG_WARN_EMPTY_BODY = YES;
				CLANG_WARN_ENUM_CONVERSION = YES;
				CLANG_WARN_INFINITE_RECURSION = YES;
				CLANG_WARN_INT_CONVERSION = YES;
				CLANG_WARN_NON_LITERAL_NULL_CONVERSION = YES;
				CLANG_WARN_OBJC_IMPLICIT_RETAIN_SELF = YES;
				CLANG_WARN_OBJC_LITERAL_CONVERSION = YES;
				CLANG_WARN_OBJC_ROOT_CLASS = YES_ERROR;
				CLANG_WARN_QUOTED_INCLUDE_IN_FRAMEWORK_HEADER = YES;
				CLANG_WARN_RANGE_LOOP_ANALYSIS = YES;
				CLANG_WARN_STRICT_PROTOTYPES = YES;
				CLANG_WARN_SUSPICIOUS_MOVE = YES;
				CLANG_WARN_UNGUARDED_AVAILABILITY = YES_AGGRESSIVE;
				CLANG_WARN_UNREACHABLE_CODE = YES;
				CLANG_WARN__DUPLICATE_METHOD_MATCH = YES;
				COPY_PHASE_STRIP = NO;
				DEBUG_INFORMATION_FORMAT = "dwarf-with-dsym";
				ENABLE_NS_ASSERTIONS = NO;
				ENABLE_STRICT_OBJC_MSGSEND = YES;
				GCC_C_LANGUAGE_STANDARD = gnu11;
				GCC_NO_COMMON_BLOCKS = YES;
				GCC_WARN_64_TO_32_BIT_CONVERSION = YES;
				GCC_WARN_ABOUT_RETURN_TYPE = YES_ERROR;
				GCC_WARN_UNDECLARED_SELECTOR = YES;
				GCC_WARN_UNINITIALIZED_AUTOS = YES_AGGRESSIVE;
				GCC_WARN_UNUSED_FUNCTION = YES;
				GCC_WARN_UNUSED_VARIABLE = YES;
				MACOSX_DEPLOYMENT_TARGET = 12.7;
				MTL_ENABLE_DEBUG_INFO = NO;
				MTL_FAST_MATH = YES;
				SDKROOT = macosx;
				SWIFT_COMPILATION_MODE = wholemodule;
				SWIFT_OPTIMIZATION_LEVEL = "-O";
			};
			name = Release;
		};
		BE23D4DE2BEBDC2500830F8C /* Debug */ = {
			isa = XCBuildConfiguration;
			buildSettings = {
				ASSETCATALOG_COMPILER_APPICON_NAME = AppIcon;
				ASSETCATALOG_COMPILER_GLOBAL_ACCENT_COLOR_NAME = AccentColor;
				CODE_SIGN_ENTITLEMENTS = CircleSlider/CircleSlider.entitlements;
				CODE_SIGN_STYLE = Automatic;
				COMBINE_HIDPI_IMAGES = YES;
				CURRENT_PROJECT_VERSION = 1;
				DEVELOPMENT_TEAM = YT5GQ68926;
				ENABLE_HARDENED_RUNTIME = YES;
				GENERATE_INFOPLIST_FILE = YES;
				INFOPLIST_KEY_NSHumanReadableCopyright = "";
				INFOPLIST_KEY_NSMainStoryboardFile = Main;
				INFOPLIST_KEY_NSPrincipalClass = NSApplication;
				LD_RUNPATH_SEARCH_PATHS = (
					"$(inherited)",
					"@executable_path/../Frameworks",
				);
				MARKETING_VERSION = 1.0;
				PRODUCT_BUNDLE_IDENTIFIER = tvservis.CircleSlider;
				PRODUCT_NAME = "$(TARGET_NAME)";
				SWIFT_EMIT_LOC_STRINGS = YES;
				SWIFT_VERSION = 5.0;
			};
			name = Debug;
		};
		BE23D4DF2BEBDC2500830F8C /* Release */ = {
			isa = XCBuildConfiguration;
			buildSettings = {
				ASSETCATALOG_COMPILER_APPICON_NAME = AppIcon;
				ASSETCATALOG_COMPILER_GLOBAL_ACCENT_COLOR_NAME = AccentColor;
				CODE_SIGN_ENTITLEMENTS = CircleSlider/CircleSlider.entitlements;
				CODE_SIGN_STYLE = Automatic;
				COMBINE_HIDPI_IMAGES = YES;
				CURRENT_PROJECT_VERSION = 1;
				DEVELOPMENT_TEAM = YT5GQ68926;
				ENABLE_HARDENED_RUNTIME = YES;
				GENERATE_INFOPLIST_FILE = YES;
				INFOPLIST_KEY_NSHumanReadableCopyright = "";
				INFOPLIST_KEY_NSMainStoryboardFile = Main;
				INFOPLIST_KEY_NSPrincipalClass = NSApplication;
				LD_RUNPATH_SEARCH_PATHS = (
					"$(inherited)",
					"@executable_path/../Frameworks",
				);
				MARKETING_VERSION = 1.0;
				PRODUCT_BUNDLE_IDENTIFIER = tvservis.CircleSlider;
				PRODUCT_NAME = "$(TARGET_NAME)";
				SWIFT_EMIT_LOC_STRINGS = YES;
				SWIFT_VERSION = 5.0;
			};
			name = Release;
		};
/* End XCBuildConfiguration section */

/* Begin XCConfigurationList section */
		BE23D4C62BEBDC2000830F8C /* Build configuration list for PBXProject "CircleSlider" */ = {
			isa = XCConfigurationList;
			buildConfigurations = (
				BE23D4DB2BEBDC2500830F8C /* Debug */,
				BE23D4DC2BEBDC2500830F8C /* Release */,
			);
			defaultConfigurationIsVisible = 0;
			defaultConfigurationName = Release;
		};
		BE23D4DD2BEBDC2500830F8C /* Build configuration list for PBXNativeTarget "CircleSlider" */ = {
			isa = XCConfigurationList;
			buildConfigurations = (
				BE23D4DE2BEBDC2500830F8C /* Debug */,
				BE23D4DF2BEBDC2500830F8C /* Release */,
			);
			defaultConfigurationIsVisible = 0;
			defaultConfigurationName = Release;
		};
/* End XCConfigurationList section */

/* Begin XCVersionGroup section */
		BE23D4D22BEBDC2000830F8C /* CircleSlider.xcdatamodeld */ = {
			isa = XCVersionGroup;
			children = (
				BE23D4D32BEBDC2000830F8C /* CircleSlider.xcdatamodel */,
			);
			currentVersion = BE23D4D32BEBDC2000830F8C /* CircleSlider.xcdatamodel */;
			path = CircleSlider.xcdatamodeld;
			sourceTree = "<group>";
			versionGroupType = wrapper.xcdatamodel;
		};
/* End XCVersionGroup section */
	};
	rootObject = BE23D4C32BEBDC2000830F8C /* Project object */;
}
